Microsoft Visual Studio Solution File, Format Version 12.00
# Visual Studio Version 17
VisualStudioVersion = 17.5.2.0
MinimumVisualStudioVersion = 10.0.40219.1
Project("{FAE04EC0-301F-11D3-BF4B-00C04F79EFBC}") = "BethanysPieShopHRM.Api", "BethanysPieShopHRM.Api.csproj", "{2881D061-8E38-3120-1E05-A77246563A39}"
EndProject
Global
	GlobalSection(SolutionConfigurationPlatforms) = preSolution
		Debug|Any CPU = Debug|Any CPU
		Release|Any CPU = Release|Any CPU
	EndGlobalSection
	GlobalSection(ProjectConfigurationPlatforms) = postSolution
		{2881D061-8E38-3120-1E05-A77246563A39}.Debug|Any CPU.ActiveCfg = Debug|Any CPU
		{2881D061-8E38-3120-1E05-A77246563A39}.Debug|Any CPU.Build.0 = Debug|Any CPU
		{2881D061-8E38-3120-1E05-A77246563A39}.Release|Any CPU.ActiveCfg = Release|Any CPU
		{2881D061-8E38-3120-1E05-A77246563A39}.Release|Any CPU.Build.0 = Release|Any CPU
	EndGlobalSection
	GlobalSection(SolutionProperties) = preSolution
		HideSolutionNode = FALSE
	EndGlobalSection
	GlobalSection(ExtensibilityGlobals) = postSolution
		SolutionGuid = {430AF435-FD3E-4840-8377-B423B7FBF4F7}
	EndGlobalSection
EndGlobal
